
Microsoft Visual Studio Solution File, Format Version 12.00
# Visual Studio Version 17
VisualStudioVersion = 17.0.31912.275
MinimumVisualStudioVersion = 10.0.40219.1
Project("{9A19103F-16F7-4668-BE54-9A1E7A4F7556}") = "AuraDeity", "AuraDeity.csproj", "{95AD10FD-AFC4-43C6-8763-4C00F2E10CAF}"
EndProject
Project("{9A19103F-16F7-4668-BE54-9A1E7A4F7556}") = "Interfaces", "..\Interfaces\Interfaces.csproj", "{52EC2A9A-522D-4EF1-B700-9FCC9CF8964D}"
EndProject
Project("{9A19103F-16F7-4668-BE54-9A1E7A4F7556}") = "Models", "..\Models\Models.csproj", "{F5A7EA65-0E2A-4F2F-863E-7C9E1F9EF5D4}"
EndProject
Project("{9A19103F-16F7-4668-BE54-9A1E7A4F7556}") = "Logic", "..\ClassLibrary1\Logic.csproj", "{92D250FD-A384-4CFF-B26B-DBEDA776DDF0}"
EndProject
Project("{FAE04EC0-301F-11D3-BF4B-00C04F79EFBC}") = "DataAccess", "..\DataAccess\DataAccess.csproj", "{B79A275D-B1DE-4112-9132-F62033009F51}"
EndProject
Global
	GlobalSection(SolutionConfigurationPlatforms) = preSolution
		Debug|Any CPU = Debug|Any CPU
		Release|Any CPU = Release|Any CPU
	EndGlobalSection
	GlobalSection(ProjectConfigurationPlatforms) = postSolution
		{95AD10FD-AFC4-43C6-8763-4C00F2E10CAF}.Debug|Any CPU.ActiveCfg = Debug|Any CPU
		{95AD10FD-AFC4-43C6-8763-4C00F2E10CAF}.Debug|Any CPU.Build.0 = Debug|Any CPU
		{95AD10FD-AFC4-43C6-8763-4C00F2E10CAF}.Release|Any CPU.ActiveCfg = Release|Any CPU
		{95AD10FD-AFC4-43C6-8763-4C00F2E10CAF}.Release|Any CPU.Build.0 = Release|Any CPU
		{52EC2A9A-522D-4EF1-B700-9FCC9CF8964D}.Debug|Any CPU.ActiveCfg = Debug|Any CPU
		{52EC2A9A-522D-4EF1-B700-9FCC9CF8964D}.Debug|Any CPU.Build.0 = Debug|Any CPU
		{52EC2A9A-522D-4EF1-B700-9FCC9CF8964D}.Release|Any CPU.ActiveCfg = Release|Any CPU
		{52EC2A9A-522D-4EF1-B700-9FCC9CF8964D}.Release|Any CPU.Build.0 = Release|Any CPU
		{F5A7EA65-0E2A-4F2F-863E-7C9E1F9EF5D4}.Debug|Any CPU.ActiveCfg = Debug|Any CPU
		{F5A7EA65-0E2A-4F2F-863E-7C9E1F9EF5D4}.Debug|Any CPU.Build.0 = Debug|Any CPU
		{F5A7EA65-0E2A-4F2F-863E-7C9E1F9EF5D4}.Release|Any CPU.ActiveCfg = Release|Any CPU
		{F5A7EA65-0E2A-4F2F-863E-7C9E1F9EF5D4}.Release|Any CPU.Build.0 = Release|Any CPU
		{92D250FD-A384-4CFF-B26B-DBEDA776DDF0}.Debug|Any CPU.ActiveCfg = Debug|Any CPU
		{92D250FD-A384-4CFF-B26B-DBEDA776DDF0}.Debug|Any CPU.Build.0 = Debug|Any CPU
		{92D250FD-A384-4CFF-B26B-DBEDA776DDF0}.Release|Any CPU.ActiveCfg = Release|Any CPU
		{92D250FD-A384-4CFF-B26B-DBEDA776DDF0}.Release|Any CPU.Build.0 = Release|Any CPU
		{B79A275D-B1DE-4112-9132-F62033009F51}.Debug|Any CPU.ActiveCfg = Debug|Any CPU
		{B79A275D-B1DE-4112-9132-F62033009F51}.Debug|Any CPU.Build.0 = Debug|Any CPU
		{B79A275D-B1DE-4112-9132-F62033009F51}.Release|Any CPU.ActiveCfg = Release|Any CPU
		{B79A275D-B1DE-4112-9132-F62033009F51}.Release|Any CPU.Build.0 = Release|Any CPU
	EndGlobalSection
	GlobalSection(SolutionProperties) = preSolution
		HideSolutionNode = FALSE
	EndGlobalSection
	GlobalSection(ExtensibilityGlobals) = postSolution
		SolutionGuid = {C0E53738-820E-4570-87A3-B11C2888FA85}
	EndGlobalSection
EndGlobal
